prefixes:
  http: pkg-http
  hx711: toit-hx711
packages:
  pkg-http:
    url: github.com/toitlang/pkg-http
    version: 2.1.0
    hash: 54cb9c5e06d53da3d5608ea7454b9113de079c15
  toit-hx711:
    url: github.com/toitware/toit-hx711
    version: 0.0.1
    hash: b8a8fe89c4cbfe5a1fa1284d77d839d689b9a861
